
Microsoft Visual Studio Solution File, Format Version 12.00
# Visual Studio Version 16
VisualStudioVersion = 16.0.31112.23
MinimumVisualStudioVersion = 10.0.40219.1
Project("{FAE04EC0-301F-11D3-BF4B-00C04F79EFBC}") = "RedisDemo", "RedisDemo\RedisDemo.csproj", "{D6D477F2-FEF6-4C2D-A0AF-31FC79EE20DC}"
EndProject
Global
	GlobalSection(SolutionConfigurationPlatforms) = preSolution
		Debug|Any CPU = Debug|Any CPU
		Release|Any CPU = Release|Any CPU
	EndGlobalSection
	GlobalSection(ProjectConfigurationPlatforms) = postSolution
		{D6D477F2-FEF6-4C2D-A0AF-31FC79EE20DC}.Debug|Any CPU.ActiveCfg = Debug|Any CPU
		{D6D477F2-FEF6-4C2D-A0AF-31FC79EE20DC}.Debug|Any CPU.Build.0 = Debug|Any CPU
		{D6D477F2-FEF6-4C2D-A0AF-31FC79EE20DC}.Release|Any CPU.ActiveCfg = Release|Any CPU
		{D6D477F2-FEF6-4C2D-A0AF-31FC79EE20DC}.Release|Any CPU.Build.0 = Release|Any CPU
	EndGlobalSection
	GlobalSection(SolutionProperties) = preSolution
		HideSolutionNode = FALSE
	EndGlobalSection
	GlobalSection(ExtensibilityGlobals) = postSolution
		SolutionGuid = {8343DC92-BC95-4463-A58E-39FF14FCD39D}
	EndGlobalSection
EndGlobal
